
Microsoft Visual Studio Solution File, Format Version 12.00
# Visual Studio Version 16
VisualStudioVersion = 16.0.30309.148
MinimumVisualStudioVersion = 10.0.40219.1
Project("{9A19103F-16F7-4668-BE54-9A1E7A4F7556}") = "Frontend", "Frontend\Frontend.csproj", "{5263CD90-414C-4D5B-B7E8-8A1A2A4A94E3}"
EndProject
Project("{FAE04EC0-301F-11D3-BF4B-00C04F79EFBC}") = "SessionAPI", "SessionAPI\SessionAPI.csproj", "{F7E0ACAF-DE46-443E-AF62-FF4587EE8614}"
EndProject
Project("{FAE04EC0-301F-11D3-BF4B-00C04F79EFBC}") = "EchoClient", "EchoClient\EchoClient.csproj", "{06616028-92B8-4709-B9E1-60437BA52876}"
EndProject
Project("{FAE04EC0-301F-11D3-BF4B-00C04F79EFBC}") = "EchoService", "EchoService\EchoService.csproj", "{66811E89-4F5C-48DE-878A-B25742309869}"
EndProject
Project("{FAE04EC0-301F-11D3-BF4B-00C04F79EFBC}") = "HostAgent", "HostAgent\HostAgent.csproj", "{FED27E14-CE19-4FEE-B6F7-734B3ADCB5CC}"
EndProject
Project("{2150E333-8FDC-42A3-9474-1A3956D46DE8}") = "Shared", "Shared", "{5B7B1979-7060-45B9-B93F-CB1567C054B6}"
	ProjectSection(SolutionItems) = preProject
		Shared\echo.proto = Shared\echo.proto
		Shared\telepathy.proto = Shared\telepathy.proto
	EndProjectSection
EndProject
Global
	GlobalSection(SolutionConfigurationPlatforms) = preSolution
		Debug|Any CPU = Debug|Any CPU
		Release|Any CPU = Release|Any CPU
	EndGlobalSection
	GlobalSection(ProjectConfigurationPlatforms) = postSolution
		{5263CD90-414C-4D5B-B7E8-8A1A2A4A94E3}.Debug|Any CPU.ActiveCfg = Debug|Any CPU
		{5263CD90-414C-4D5B-B7E8-8A1A2A4A94E3}.Debug|Any CPU.Build.0 = Debug|Any CPU
		{5263CD90-414C-4D5B-B7E8-8A1A2A4A94E3}.Release|Any CPU.ActiveCfg = Release|Any CPU
		{5263CD90-414C-4D5B-B7E8-8A1A2A4A94E3}.Release|Any CPU.Build.0 = Release|Any CPU
		{F7E0ACAF-DE46-443E-AF62-FF4587EE8614}.Debug|Any CPU.ActiveCfg = Debug|Any CPU
		{F7E0ACAF-DE46-443E-AF62-FF4587EE8614}.Debug|Any CPU.Build.0 = Debug|Any CPU
		{F7E0ACAF-DE46-443E-AF62-FF4587EE8614}.Release|Any CPU.ActiveCfg = Release|Any CPU
		{F7E0ACAF-DE46-443E-AF62-FF4587EE8614}.Release|Any CPU.Build.0 = Release|Any CPU
		{06616028-92B8-4709-B9E1-60437BA52876}.Debug|Any CPU.ActiveCfg = Debug|Any CPU
		{06616028-92B8-4709-B9E1-60437BA52876}.Debug|Any CPU.Build.0 = Debug|Any CPU
		{06616028-92B8-4709-B9E1-60437BA52876}.Release|Any CPU.ActiveCfg = Release|Any CPU
		{06616028-92B8-4709-B9E1-60437BA52876}.Release|Any CPU.Build.0 = Release|Any CPU
		{66811E89-4F5C-48DE-878A-B25742309869}.Debug|Any CPU.ActiveCfg = Debug|Any CPU
		{66811E89-4F5C-48DE-878A-B25742309869}.Debug|Any CPU.Build.0 = Debug|Any CPU
		{66811E89-4F5C-48DE-878A-B25742309869}.Release|Any CPU.ActiveCfg = Release|Any CPU
		{66811E89-4F5C-48DE-878A-B25742309869}.Release|Any CPU.Build.0 = Release|Any CPU
		{FED27E14-CE19-4FEE-B6F7-734B3ADCB5CC}.Debug|Any CPU.ActiveCfg = Debug|Any CPU
		{FED27E14-CE19-4FEE-B6F7-734B3ADCB5CC}.Debug|Any CPU.Build.0 = Debug|Any CPU
		{FED27E14-CE19-4FEE-B6F7-734B3ADCB5CC}.Release|Any CPU.ActiveCfg = Release|Any CPU
		{FED27E14-CE19-4FEE-B6F7-734B3ADCB5CC}.Release|Any CPU.Build.0 = Release|Any CPU
	EndGlobalSection
	GlobalSection(SolutionProperties) = preSolution
		HideSolutionNode = FALSE
	EndGlobalSection
	GlobalSection(ExtensibilityGlobals) = postSolution
		SolutionGuid = {5122A010-9A5B-4D20-B37A-7DA333EBEE6E}
	EndGlobalSection
EndGlobal
